
Microsoft Visual Studio Solution File, Format Version 11.00
# Visual C# Express 2010
Project("{FAE04EC0-301F-11D3-BF4B-00C04F79EFBC}") = "drec3", "drec3.csproj", "{A5DE0A6B-AE45-4A03-B4C7-51B351125BF0}"
EndProject
Global
	GlobalSection(SolutionConfigurationPlatforms) = preSolution
		Debug|x86 = Debug|x86
		Release|x86 = Release|x86
	EndGlobalSection
	GlobalSection(ProjectConfigurationPlatforms) = postSolution
		{A5DE0A6B-AE45-4A03-B4C7-51B351125BF0}.Debug|x86.ActiveCfg = Debug|x86
		{A5DE0A6B-AE45-4A03-B4C7-51B351125BF0}.Debug|x86.Build.0 = Debug|x86
		{A5DE0A6B-AE45-4A03-B4C7-51B351125BF0}.Release|x86.ActiveCfg = Release|x86
		{A5DE0A6B-AE45-4A03-B4C7-51B351125BF0}.Release|x86.Build.0 = Release|x86
	EndGlobalSection
	GlobalSection(SolutionProperties) = preSolution
		HideSolutionNode = FALSE
	EndGlobalSection
EndGlobal
